
Microsoft Visual Studio Solution File, Format Version 12.00
# Visual Studio Version 16
VisualStudioVersion = 25.0.1703.3
MinimumVisualStudioVersion = 10.0.40219.1
Project("{FAE04EC0-301F-11D3-BF4B-00C04F79EFBC}") = "oppgaver-om-variabeltilordning", "oppgaver-om-variabeltilordning\oppgaver-om-variabeltilordning.csproj", "{EA8207A7-F883-485F-9B16-EFADF66B535B}"
EndProject
Global
	GlobalSection(SolutionConfigurationPlatforms) = preSolution
		Debug|Any CPU = Debug|Any CPU
		Release|Any CPU = Release|Any CPU
	EndGlobalSection
	GlobalSection(ProjectConfigurationPlatforms) = postSolution
		{EA8207A7-F883-485F-9B16-EFADF66B535B}.Debug|Any CPU.ActiveCfg = Debug|Any CPU
		{EA8207A7-F883-485F-9B16-EFADF66B535B}.Debug|Any CPU.Build.0 = Debug|Any CPU
		{EA8207A7-F883-485F-9B16-EFADF66B535B}.Release|Any CPU.ActiveCfg = Release|Any CPU
		{EA8207A7-F883-485F-9B16-EFADF66B535B}.Release|Any CPU.Build.0 = Release|Any CPU
	EndGlobalSection
	GlobalSection(SolutionProperties) = preSolution
		HideSolutionNode = FALSE
	EndGlobalSection
	GlobalSection(ExtensibilityGlobals) = postSolution
		SolutionGuid = {607558B2-EF1D-41E3-84DE-CE7C6D9D2324}
	EndGlobalSection
EndGlobal
